
Microsoft Visual Studio Solution File, Format Version 12.00
# Visual Studio Version 17
VisualStudioVersion = 17.8.34309.116
MinimumVisualStudioVersion = 10.0.40219.1
Project("{FAE04EC0-301F-11D3-BF4B-00C04F79EFBC}") = "MidtermInC#", "MidtermInC#\MidtermInC#.csproj", "{126C15C9-A5EC-43A9-B99A-D9A76C796C19}"
EndProject
Global
	GlobalSection(SolutionConfigurationPlatforms) = preSolution
		Debug|Any CPU = Debug|Any CPU
		Release|Any CPU = Release|Any CPU
	EndGlobalSection
	GlobalSection(ProjectConfigurationPlatforms) = postSolution
		{126C15C9-A5EC-43A9-B99A-D9A76C796C19}.Debug|Any CPU.ActiveCfg = Debug|Any CPU
		{126C15C9-A5EC-43A9-B99A-D9A76C796C19}.Debug|Any CPU.Build.0 = Debug|Any CPU
		{126C15C9-A5EC-43A9-B99A-D9A76C796C19}.Release|Any CPU.ActiveCfg = Release|Any CPU
		{126C15C9-A5EC-43A9-B99A-D9A76C796C19}.Release|Any CPU.Build.0 = Release|Any CPU
	EndGlobalSection
	GlobalSection(SolutionProperties) = preSolution
		HideSolutionNode = FALSE
	EndGlobalSection
	GlobalSection(ExtensibilityGlobals) = postSolution
		SolutionGuid = {8BB2C2E1-E3D8-4C37-95B4-2747CA8E0934}
	EndGlobalSection
EndGlobal
